
Microsoft Visual Studio Solution File, Format Version 12.00
# Visual Studio Version 17
VisualStudioVersion = 17.1.32414.318
MinimumVisualStudioVersion = 10.0.40219.1
Project("{FAE04EC0-301F-11D3-BF4B-00C04F79EFBC}") = "Tabwindowsform", "Tabwindowsform\Tabwindowsform.csproj", "{C2E9B95D-BCBB-4C48-9053-1659BDCE4CE1}"
EndProject
Global
	GlobalSection(SolutionConfigurationPlatforms) = preSolution
		Debug|Any CPU = Debug|Any CPU
		Release|Any CPU = Release|Any CPU
	EndGlobalSection
	GlobalSection(ProjectConfigurationPlatforms) = postSolution
		{C2E9B95D-BCBB-4C48-9053-1659BDCE4CE1}.Debug|Any CPU.ActiveCfg = Debug|Any CPU
		{C2E9B95D-BCBB-4C48-9053-1659BDCE4CE1}.Debug|Any CPU.Build.0 = Debug|Any CPU
		{C2E9B95D-BCBB-4C48-9053-1659BDCE4CE1}.Release|Any CPU.ActiveCfg = Release|Any CPU
		{C2E9B95D-BCBB-4C48-9053-1659BDCE4CE1}.Release|Any CPU.Build.0 = Release|Any CPU
	EndGlobalSection
	GlobalSection(SolutionProperties) = preSolution
		HideSolutionNode = FALSE
	EndGlobalSection
	GlobalSection(ExtensibilityGlobals) = postSolution
		SolutionGuid = {388D2E5E-C336-4C6F-A706-58EA47230432}
	EndGlobalSection
EndGlobal
